Microsoft Visual Studio Solution File, Format Version 12.00
# Visual Studio Version 17
VisualStudioVersion = 17.5.2.0
MinimumVisualStudioVersion = 10.0.40219.1
Project("{FAE04EC0-301F-11D3-BF4B-00C04F79EFBC}") = "ProjetEnsemenc", "ProjetEnsemenc.csproj", "{5B9269A1-BAD7-070F-EB52-ED47F5B70B7F}"
EndProject
Global
	GlobalSection(SolutionConfigurationPlatforms) = preSolution
		Debug|Any CPU = Debug|Any CPU
		Release|Any CPU = Release|Any CPU
	EndGlobalSection
	GlobalSection(ProjectConfigurationPlatforms) = postSolution
		{5B9269A1-BAD7-070F-EB52-ED47F5B70B7F}.Debug|Any CPU.ActiveCfg = Debug|Any CPU
		{5B9269A1-BAD7-070F-EB52-ED47F5B70B7F}.Debug|Any CPU.Build.0 = Debug|Any CPU
		{5B9269A1-BAD7-070F-EB52-ED47F5B70B7F}.Release|Any CPU.ActiveCfg = Release|Any CPU
		{5B9269A1-BAD7-070F-EB52-ED47F5B70B7F}.Release|Any CPU.Build.0 = Release|Any CPU
	EndGlobalSection
	GlobalSection(SolutionProperties) = preSolution
		HideSolutionNode = FALSE
	EndGlobalSection
	GlobalSection(ExtensibilityGlobals) = postSolution
		SolutionGuid = {36C480DA-B96E-4DAC-99C5-192E66E633D4}
	EndGlobalSection
EndGlobal
